# This file was autogenerated by Stack.
# You should not edit this file by hand.
# For more information, please see the documentation at:
#   https://docs.haskellstack.org/en/stable/lock_files

packages: []
snapshots:
- completed:
    size: 618507
    url: https://raw.githubusercontent.com/commercialhaskell/stackage-snapshots/master/lts/19/9.yaml
    sha256: 190a93d09d9d7bccc78a0f00d6fc0350eed76bc533611e5971202800805dd00e
  original:
    url: https://raw.githubusercontent.com/commercialhaskell/stackage-snapshots/master/lts/19/9.yaml
